
Microsoft Visual Studio Solution File, Format Version 12.00
# Visual Studio Version 16
VisualStudioVersion = 16.0.29123.88
MinimumVisualStudioVersion = 10.0.40219.1
Project("{9A19103F-16F7-4668-BE54-9A1E7A4F7556}") = "MS.Data", "MS.Data\MS.Data.csproj", "{0384E36B-E799-433D-B886-A749E97243FE}"
EndProject
Project("{9A19103F-16F7-4668-BE54-9A1E7A4F7556}") = "MS.Core", "MS.Core\MS.Core.csproj", "{6005C156-6E08-43FE-8613-6990D06BD44A}"
EndProject
Project("{9A19103F-16F7-4668-BE54-9A1E7A4F7556}") = "MS.Application", "MS.Application\MS.Application.csproj", "{A57BD9BE-A876-4891-B5ED-F98B7B788789}"
EndProject
Project("{9A19103F-16F7-4668-BE54-9A1E7A4F7556}") = "MS.API", "MS.API\MS.API.csproj", "{8177B806-07AC-4EA2-ADE0-688F38044648}"
EndProject
Project("{FAE04EC0-301F-11D3-BF4B-00C04F79EFBC}") = "MS.Helper", "MS.Helper\MS.Helper.csproj", "{EEF100DB-48FF-4604-896B-A3E6B2EB17E6}"
EndProject
Global
	GlobalSection(SolutionConfigurationPlatforms) = preSolution
		Debug|Any CPU = Debug|Any CPU
		Release|Any CPU = Release|Any CPU
	EndGlobalSection
	GlobalSection(ProjectConfigurationPlatforms) = postSolution
		{0384E36B-E799-433D-B886-A749E97243FE}.Debug|Any CPU.ActiveCfg = Debug|Any CPU
		{0384E36B-E799-433D-B886-A749E97243FE}.Debug|Any CPU.Build.0 = Debug|Any CPU
		{0384E36B-E799-433D-B886-A749E97243FE}.Release|Any CPU.ActiveCfg = Release|Any CPU
		{0384E36B-E799-433D-B886-A749E97243FE}.Release|Any CPU.Build.0 = Release|Any CPU
		{6005C156-6E08-43FE-8613-6990D06BD44A}.Debug|Any CPU.ActiveCfg = Debug|Any CPU
		{6005C156-6E08-43FE-8613-6990D06BD44A}.Debug|Any CPU.Build.0 = Debug|Any CPU
		{6005C156-6E08-43FE-8613-6990D06BD44A}.Release|Any CPU.ActiveCfg = Release|Any CPU
		{6005C156-6E08-43FE-8613-6990D06BD44A}.Release|Any CPU.Build.0 = Release|Any CPU
		{A57BD9BE-A876-4891-B5ED-F98B7B788789}.Debug|Any CPU.ActiveCfg = Debug|Any CPU
		{A57BD9BE-A876-4891-B5ED-F98B7B788789}.Debug|Any CPU.Build.0 = Debug|Any CPU
		{A57BD9BE-A876-4891-B5ED-F98B7B788789}.Release|Any CPU.ActiveCfg = Release|Any CPU
		{A57BD9BE-A876-4891-B5ED-F98B7B788789}.Release|Any CPU.Build.0 = Release|Any CPU
		{8177B806-07AC-4EA2-ADE0-688F38044648}.Debug|Any CPU.ActiveCfg = Debug|Any CPU
		{8177B806-07AC-4EA2-ADE0-688F38044648}.Debug|Any CPU.Build.0 = Debug|Any CPU
		{8177B806-07AC-4EA2-ADE0-688F38044648}.Release|Any CPU.ActiveCfg = Release|Any CPU
		{8177B806-07AC-4EA2-ADE0-688F38044648}.Release|Any CPU.Build.0 = Release|Any CPU
		{EEF100DB-48FF-4604-896B-A3E6B2EB17E6}.Debug|Any CPU.ActiveCfg = Debug|Any CPU
		{EEF100DB-48FF-4604-896B-A3E6B2EB17E6}.Debug|Any CPU.Build.0 = Debug|Any CPU
		{EEF100DB-48FF-4604-896B-A3E6B2EB17E6}.Release|Any CPU.ActiveCfg = Release|Any CPU
		{EEF100DB-48FF-4604-896B-A3E6B2EB17E6}.Release|Any CPU.Build.0 = Release|Any CPU
	EndGlobalSection
	GlobalSection(SolutionProperties) = preSolution
		HideSolutionNode = FALSE
	EndGlobalSection
	GlobalSection(ExtensibilityGlobals) = postSolution
		SolutionGuid = {C274735E-9B2A-485E-AE0D-1827BFCEE66C}
	EndGlobalSection
EndGlobal
